# This file is automatically @generated by Cargo.
# It is not intended for manual editing.
version = 4

[[package]]
name = "carrick-el1-abi"
version = "0.1.0"
dependencies = [
 "carrick-fd-core",
 "carrick-inotify-core",
 "carrick-mmu-core",
 "carrick-pipe-core",
 "carrick-sched-core",
]

[[package]]
name = "carrick-embed-el1-sched"
version = "0.0.0"
dependencies = [
 "carrick-el1-abi",
 "libc",
]

[[package]]
name = "carrick-fd-core"
version = "0.1.0"
dependencies = [
 "carrick-sched-core",
]

[[package]]
name = "carrick-guest-arch"
version = "0.1.0"

[[package]]
name = "carrick-inotify-core"
version = "0.1.0"

[[package]]
name = "carrick-mmu-core"
version = "0.1.0"
dependencies = [
 "carrick-guest-arch",
 "hashbrown",
]

[[package]]
name = "carrick-pipe-core"
version = "0.1.0"

[[package]]
name = "carrick-sched-core"
version = "0.1.0"

[[package]]
name = "foldhash"
version = "0.1.5"
source = "registry+https://github.com/rust-lang/crates.io-index"
checksum = "d9c4f5dac5e15c24eb999c26181a6ca40b39fe946cbe4c263c7209467bc83af2"

[[package]]
name = "hashbrown"
version = "0.15.5"
source = "registry+https://github.com/rust-lang/crates.io-index"
checksum = "9229cfe53dfd69f0609a49f65461bd93001ea1ef889cd5529dd176593f5338a1"
dependencies = [
 "foldhash",
]

[[package]]
name = "libc"
version = "0.2.189"
source = "registry+https://github.com/rust-lang/crates.io-index"
checksum = "3eaf3ede3fee6db1a4c2ee091bf8a8b4dccdc6d17f656fb07896ee72867612f2"
